
Microsoft Visual Studio Solution File, Format Version 12.00
Project("{2150E333-8FDC-42A3-9474-1A3956D46DE8}") = "Easy", "Easy", "{F938C234-FB6A-4F6E-8C5D-9D855B8E10B1}"
EndProject
Project("{FAE04EC0-301F-11D3-BF4B-00C04F79EFBC}") = "ValidPalindrome", "ValidPalindrome\ValidPalindrome.csproj", "{D3D0D089-B426-4672-A570-5DD5AB5DACE9}"
EndProject
Project("{FAE04EC0-301F-11D3-BF4B-00C04F79EFBC}") = "HappyNumber", "HappyNumber\HappyNumber.csproj", "{18F7B066-64DA-4651-828A-F348149CC8BE}"
EndProject
Global
	GlobalSection(SolutionConfigurationPlatforms) = preSolution
		Debug|Any CPU = Debug|Any CPU
		Release|Any CPU = Release|Any CPU
	EndGlobalSection
	GlobalSection(NestedProjects) = preSolution
		{D3D0D089-B426-4672-A570-5DD5AB5DACE9} = {F938C234-FB6A-4F6E-8C5D-9D855B8E10B1}
		{18F7B066-64DA-4651-828A-F348149CC8BE} = {F938C234-FB6A-4F6E-8C5D-9D855B8E10B1}
	EndGlobalSection
	GlobalSection(ProjectConfigurationPlatforms) = postSolution
		{D3D0D089-B426-4672-A570-5DD5AB5DACE9}.Debug|Any CPU.ActiveCfg = Debug|Any CPU
		{D3D0D089-B426-4672-A570-5DD5AB5DACE9}.Debug|Any CPU.Build.0 = Debug|Any CPU
		{D3D0D089-B426-4672-A570-5DD5AB5DACE9}.Release|Any CPU.ActiveCfg = Release|Any CPU
		{D3D0D089-B426-4672-A570-5DD5AB5DACE9}.Release|Any CPU.Build.0 = Release|Any CPU
		{18F7B066-64DA-4651-828A-F348149CC8BE}.Debug|Any CPU.ActiveCfg = Debug|Any CPU
		{18F7B066-64DA-4651-828A-F348149CC8BE}.Debug|Any CPU.Build.0 = Debug|Any CPU
		{18F7B066-64DA-4651-828A-F348149CC8BE}.Release|Any CPU.ActiveCfg = Release|Any CPU
		{18F7B066-64DA-4651-828A-F348149CC8BE}.Release|Any CPU.Build.0 = Release|Any CPU
	EndGlobalSection
EndGlobal
